
Microsoft Visual Studio Solution File, Format Version 12.00
# Visual Studio 15
VisualStudioVersion = 15.0.27130.2020
MinimumVisualStudioVersion = 10.0.40219.1
Project("{FAE04EC0-301F-11D3-BF4B-00C04F79EFBC}") = "Core", "Core\Core.csproj", "{08CB171F-8EEE-403E-BA0C-DBDEDC1DE4D6}"
EndProject
Global
	GlobalSection(SolutionConfigurationPlatforms) = preSolution
		Debug|Any CPU = Debug|Any CPU
		Release|Any CPU = Release|Any CPU
	EndGlobalSection
	GlobalSection(ProjectConfigurationPlatforms) = postSolution
		{08CB171F-8EEE-403E-BA0C-DBDEDC1DE4D6}.Debug|Any CPU.ActiveCfg = Debug|Any CPU
		{08CB171F-8EEE-403E-BA0C-DBDEDC1DE4D6}.Debug|Any CPU.Build.0 = Debug|Any CPU
		{08CB171F-8EEE-403E-BA0C-DBDEDC1DE4D6}.Release|Any CPU.ActiveCfg = Release|Any CPU
		{08CB171F-8EEE-403E-BA0C-DBDEDC1DE4D6}.Release|Any CPU.Build.0 = Release|Any CPU
	EndGlobalSection
	GlobalSection(SolutionProperties) = preSolution
		HideSolutionNode = FALSE
	EndGlobalSection
	GlobalSection(ExtensibilityGlobals) = postSolution
		SolutionGuid = {F65CCCC4-944B-468F-A7B8-F6942D0FF598}
	EndGlobalSection
EndGlobal
